
Microsoft Visual Studio Solution File, Format Version 12.00
# Visual Studio Version 16
VisualStudioVersion = 16.0.32630.194
MinimumVisualStudioVersion = 10.0.40219.1
Project("{FAE04EC0-301F-11D3-BF4B-00C04F79EFBC}") = "projeto1", "projeto1.csproj", "{C359ED3A-FD09-4068-AFEB-9F53DB282148}"
EndProject
Global
	GlobalSection(SolutionConfigurationPlatforms) = preSolution
		Debug|Any CPU = Debug|Any CPU
		Release|Any CPU = Release|Any CPU
	EndGlobalSection
	GlobalSection(ProjectConfigurationPlatforms) = postSolution
		{C359ED3A-FD09-4068-AFEB-9F53DB282148}.Debug|Any CPU.ActiveCfg = Debug|Any CPU
		{C359ED3A-FD09-4068-AFEB-9F53DB282148}.Debug|Any CPU.Build.0 = Debug|Any CPU
		{C359ED3A-FD09-4068-AFEB-9F53DB282148}.Release|Any CPU.ActiveCfg = Release|Any CPU
		{C359ED3A-FD09-4068-AFEB-9F53DB282148}.Release|Any CPU.Build.0 = Release|Any CPU
	EndGlobalSection
	GlobalSection(SolutionProperties) = preSolution
		HideSolutionNode = FALSE
	EndGlobalSection
	GlobalSection(ExtensibilityGlobals) = postSolution
		SolutionGuid = {7073D71E-B023-438A-84E4-729A432E0F43}
	EndGlobalSection
EndGlobal
